
Microsoft Visual Studio Solution File, Format Version 12.00
# Visual Studio Version 16
VisualStudioVersion = 16.0.30320.27
MinimumVisualStudioVersion = 10.0.40219.1
Project("{FAE04EC0-301F-11D3-BF4B-00C04F79EFBC}") = "AverageUnitsShippedByEmployeeCSharp", "AverageUnitsShippedByEmployeeCSharp\AverageUnitsShippedByEmployeeCSharp.csproj", "{066088E1-E16E-42EA-8024-A2EFF9E23C91}"
EndProject
Global
	GlobalSection(SolutionConfigurationPlatforms) = preSolution
		Debug|Any CPU = Debug|Any CPU
		Release|Any CPU = Release|Any CPU
	EndGlobalSection
	GlobalSection(ProjectConfigurationPlatforms) = postSolution
		{066088E1-E16E-42EA-8024-A2EFF9E23C91}.Debug|Any CPU.ActiveCfg = Debug|Any CPU
		{066088E1-E16E-42EA-8024-A2EFF9E23C91}.Debug|Any CPU.Build.0 = Debug|Any CPU
		{066088E1-E16E-42EA-8024-A2EFF9E23C91}.Release|Any CPU.ActiveCfg = Release|Any CPU
		{066088E1-E16E-42EA-8024-A2EFF9E23C91}.Release|Any CPU.Build.0 = Release|Any CPU
	EndGlobalSection
	GlobalSection(SolutionProperties) = preSolution
		HideSolutionNode = FALSE
	EndGlobalSection
	GlobalSection(ExtensibilityGlobals) = postSolution
		SolutionGuid = {9BDD0BC7-784A-486F-9DDD-A9BC0ED90D72}
	EndGlobalSection
EndGlobal
